// !$*UTF8*$!
{
	archiveVersion = 1;
	classes = {
	};
	objectVersion = 56;
	objects = {

/* Begin PBXBuildFile section */
		93BB0E492A9AB6F4002619F4 /* AppDelegate.swift in Sources */ = {isa = PBXBuildFile; fileRef = 93BB0E482A9AB6F4002619F4 /* AppDelegate.swift */; };
		93BB0E4B2A9AB6F4002619F4 /* SceneDelegate.swift in Sources */ = {isa = PBXBuildFile; fileRef = 93BB0E4A2A9AB6F4002619F4 /* SceneDelegate.swift */; };
		93BB0E4D2A9AB6F4002619F4 /* ViewController.swift in Sources */ = {isa = PBXBuildFile; fileRef = 93BB0E4C2A9AB6F4002619F4 /* ViewController.swift */; };
		93BB0E522A9AB6F5002619F4 /* Assets.xcassets in Resources */ = {isa = PBXBuildFile; fileRef = 93BB0E512A9AB6F5002619F4 /* Assets.xcassets */; };
		93BB0E552A9AB6F5002619F4 /* LaunchScreen.storyboard in Resources */ = {isa = PBXBuildFile; fileRef = 93BB0E532A9AB6F5002619F4 /* LaunchScreen.storyboard */; };
		93BB0E612A9AB81F002619F4 /* Extensions.swift in Sources */ = {isa = PBXBuildFile; fileRef = 93BB0E602A9AB81F002619F4 /* Extensions.swift */; };
		93BB0E642A9AB8EB002619F4 /* APIService.swift in Sources */ = {isa = PBXBuildFile; fileRef = 93BB0E632A9AB8EB002619F4 /* APIService.swift */; };
		93BB0E662A9AB94C002619F4 /* pokeModel.swift in Sources */ = {isa = PBXBuildFile; fileRef = 93BB0E652A9AB94C002619F4 /* pokeModel.swift */; };
		93BB0E6C2A9ABA95002619F4 /* PokemonController.swift in Sources */ = {isa = PBXBuildFile; fileRef = 93BB0E6B2A9ABA95002619F4 /* PokemonController.swift */; };
		93BB0E6E2A9ABB0E002619F4 /* Main.storyboard in Resources */ = {isa = PBXBuildFile; fileRef = 93BB0E6D2A9ABB0E002619F4 /* Main.storyboard */; };
		93BB0E702A9ABE1E002619F4 /* PokemonView.storyboard in Resources */ = {isa = PBXBuildFile; fileRef = 93BB0E6F2A9ABE1E002619F4 /* PokemonView.storyboard */; };
/* End PBXBuildFile section */

/* Begin PBXFileReference section */
		93BB0E452A9AB6F4002619F4 /* ListadoPokemonAPI.app */ = {isa = PBXFileReference; explicitFileType = wrapper.application; includeInIndex = 0; path = ListadoPokemonAPI.app; sourceTree = BUILT_PRODUCTS_DIR; };
		93BB0E482A9AB6F4002619F4 /* AppDelegate.swift */ = {isa = PBXFileReference; lastKnownFileType = sourcecode.swift; path = AppDelegate.swift; sourceTree = "<group>"; };
		93BB0E4A2A9AB6F4002619F4 /* SceneDelegate.swift */ = {isa = PBXFileReference; lastKnownFileType = sourcecode.swift; path = SceneDelegate.swift; sourceTree = "<group>"; };
		93BB0E4C2A9AB6F4002619F4 /* ViewController.swift */ = {isa = PBXFileReference; lastKnownFileType = sourcecode.swift; path = ViewController.swift; sourceTree = "<group>"; };
		93BB0E512A9AB6F5002619F4 /* Assets.xcassets */ = {isa = PBXFileReference; lastKnownFileType = folder.assetcatalog; path = Assets.xcassets; sourceTree = "<group>"; };
		93BB0E542A9AB6F5002619F4 /* Base */ = {isa = PBXFileReference; lastKnownFileType = file.storyboard; name = Base; path = Base.lproj/LaunchScreen.storyboard; sourceTree = "<group>"; };
		93BB0E562A9AB6F5002619F4 /* Info.plist */ = {isa = PBXFileReference; lastKnownFileType = text.plist.xml; path = Info.plist; sourceTree = "<group>"; };
		93BB0E602A9AB81F002619F4 /* Extensions.swift */ = {isa = PBXFileReference; lastKnownFileType = sourcecode.swift; path = Extensions.swift; sourceTree = "<group>"; };
		93BB0E632A9AB8EB002619F4 /* APIService.swift */ = {isa = PBXFileReference; lastKnownFileType = sourcecode.swift; path = APIService.swift; sourceTree = "<group>"; };
		93BB0E652A9AB94C002619F4 /* pokeModel.swift */ = {isa = PBXFileReference; lastKnownFileType = sourcecode.swift; path = pokeModel.swift; sourceTree = "<group>"; };
		93BB0E6B2A9ABA95002619F4 /* PokemonController.swift */ = {isa = PBXFileReference; lastKnownFileType = sourcecode.swift; path = PokemonController.swift; sourceTree = "<group>"; };
		93BB0E6D2A9ABB0E002619F4 /* Main.storyboard */ = {isa = PBXFileReference; fileEncoding = 4; lastKnownFileType = file.storyboard; path = Main.storyboard; sourceTree = "<group>"; };
		93BB0E6F2A9ABE1E002619F4 /* PokemonView.storyboard */ = {isa = PBXFileReference; fileEncoding = 4; lastKnownFileType = file.storyboard; path = PokemonView.storyboard; sourceTree = "<group>"; };
/* End PBXFileReference section */

/* Begin PBXFrameworksBuildPhase section */
		93BB0E422A9AB6F4002619F4 /* Frameworks */ = {
			isa = PBXFrameworksBuildPhase;
			buildActionMask = 2147483647;
			files = (
			);
			runOnlyForDeploymentPostprocessing = 0;
		};
/* End PBXFrameworksBuildPhase section */

/* Begin PBXGroup section */
		93BB0E3C2A9AB6F4002619F4 = {
			isa = PBXGroup;
			children = (
				93BB0E472A9AB6F4002619F4 /* ListadoPokemonAPI */,
				93BB0E462A9AB6F4002619F4 /* Products */,
			);
			sourceTree = "<group>";
		};
		93BB0E462A9AB6F4002619F4 /* Products */ = {
			isa = PBXGroup;
			children = (
				93BB0E452A9AB6F4002619F4 /* ListadoPokemonAPI.app */,
			);
			name = Products;
			sourceTree = "<group>";
		};
		93BB0E472A9AB6F4002619F4 /* ListadoPokemonAPI */ = {
			isa = PBXGroup;
			children = (
				93BB0E622A9AB893002619F4 /* API */,
				93BB0E482A9AB6F4002619F4 /* AppDelegate.swift */,
				93BB0E4A2A9AB6F4002619F4 /* SceneDelegate.swift */,
				93BB0E5F2A9AB7CD002619F4 /* Model */,
				93BB0E5D2A9AB7B0002619F4 /* View */,
				93BB0E5C2A9AB7A8002619F4 /* Controller */,
				93BB0E5E2A9AB7BB002619F4 /* Util */,
				93BB0E512A9AB6F5002619F4 /* Assets.xcassets */,
				93BB0E532A9AB6F5002619F4 /* LaunchScreen.storyboard */,
				93BB0E562A9AB6F5002619F4 /* Info.plist */,
			);
			path = ListadoPokemonAPI;
			sourceTree = "<group>";
		};
		93BB0E5C2A9AB7A8002619F4 /* Controller */ = {
			isa = PBXGroup;
			children = (
				93BB0E682A9AB9E9002619F4 /* Main */,
				93BB0E672A9AB9D5002619F4 /* PokemonView */,
			);
			path = Controller;
			sourceTree = "<group>";
		};
		93BB0E5D2A9AB7B0002619F4 /* View */ = {
			isa = PBXGroup;
			children = (
				93BB0E6A2A9AB9F7002619F4 /* Main */,
				93BB0E692A9AB9F0002619F4 /* PokemonView */,
			);
			path = View;
			sourceTree = "<group>";
		};
		93BB0E5E2A9AB7BB002619F4 /* Util */ = {
			isa = PBXGroup;
			children = (
				93BB0E602A9AB81F002619F4 /* Extensions.swift */,
			);
			path = Util;
			sourceTree = "<group>";
		};
		93BB0E5F2A9AB7CD002619F4 /* Model */ = {
			isa = PBXGroup;
			children = (
				93BB0E652A9AB94C002619F4 /* pokeModel.swift */,
			);
			path = Model;
			sourceTree = "<group>";
		};
		93BB0E622A9AB893002619F4 /* API */ = {
			isa = PBXGroup;
			children = (
				93BB0E632A9AB8EB002619F4 /* APIService.swift */,
			);
			path = API;
			sourceTree = "<group>";
		};
		93BB0E672A9AB9D5002619F4 /* PokemonView */ = {
			isa = PBXGroup;
			children = (
				93BB0E6B2A9ABA95002619F4 /* PokemonController.swift */,
			);
			path = PokemonView;
			sourceTree = "<group>";
		};
		93BB0E682A9AB9E9002619F4 /* Main */ = {
			isa = PBXGroup;
			children = (
				93BB0E4C2A9AB6F4002619F4 /* ViewController.swift */,
			);
			path = Main;
			sourceTree = "<group>";
		};
		93BB0E692A9AB9F0002619F4 /* PokemonView */ = {
			isa = PBXGroup;
			children = (
				93BB0E6F2A9ABE1E002619F4 /* PokemonView.storyboard */,
			);
			path = PokemonView;
			sourceTree = "<group>";
		};
		93BB0E6A2A9AB9F7002619F4 /* Main */ = {
			isa = PBXGroup;
			children = (
				93BB0E6D2A9ABB0E002619F4 /* Main.storyboard */,
			);
			path = Main;
			sourceTree = "<group>";
		};
/* End PBXGroup section */

/* Begin PBXNativeTarget section */
		93BB0E442A9AB6F4002619F4 /* ListadoPokemonAPI */ = {
			isa = PBXNativeTarget;
			buildConfigurationList = 93BB0E592A9AB6F5002619F4 /* Build configuration list for PBXNativeTarget "ListadoPokemonAPI" */;
			buildPhases = (
				93BB0E412A9AB6F4002619F4 /* Sources */,
				93BB0E422A9AB6F4002619F4 /* Frameworks */,
				93BB0E432A9AB6F4002619F4 /* Resources */,
			);
			buildRules = (
			);
			dependencies = (
			);
			name = ListadoPokemonAPI;
			productName = ListadoPokemonAPI;
			productReference = 93BB0E452A9AB6F4002619F4 /* ListadoPokemonAPI.app */;
			productType = "com.apple.product-type.application";
		};
/* End PBXNativeTarget section */

/* Begin PBXProject section */
		93BB0E3D2A9AB6F4002619F4 /* Project object */ = {
			isa = PBXProject;
			attributes = {
				BuildIndependentTargetsInParallel = 1;
				LastSwiftUpdateCheck = 1430;
				LastUpgradeCheck = 1430;
				TargetAttributes = {
					93BB0E442A9AB6F4002619F4 = {
						CreatedOnToolsVersion = 14.3.1;
					};
				};
			};
			buildConfigurationList = 93BB0E402A9AB6F4002619F4 /* Build configuration list for PBXProject "ListadoPokemonAPI" */;
			compatibilityVersion = "Xcode 14.0";
			developmentRegion = en;
			hasScannedForEncodings = 0;
			knownRegions = (
				en,
				Base,
			);
			mainGroup = 93BB0E3C2A9AB6F4002619F4;
			productRefGroup = 93BB0E462A9AB6F4002619F4 /* Products */;
			projectDirPath = "";
			projectRoot = "";
			targets = (
				93BB0E442A9AB6F4002619F4 /* ListadoPokemonAPI */,
			);
		};
/* End PBXProject section */

/* Begin PBXResourcesBuildPhase section */
		93BB0E432A9AB6F4002619F4 /* Resources */ = {
			isa = PBXResourcesBuildPhase;
			buildActionMask = 2147483647;
			files = (
				93BB0E552A9AB6F5002619F4 /* LaunchScreen.storyboard in Resources */,
				93BB0E702A9ABE1E002619F4 /* PokemonView.storyboard in Resources */,
				93BB0E522A9AB6F5002619F4 /* Assets.xcassets in Resources */,
				93BB0E6E2A9ABB0E002619F4 /* Main.storyboard in Resources */,
			);
			runOnlyForDeploymentPostprocessing = 0;
		};
/* End PBXResourcesBuildPhase section */

/* Begin PBXSourcesBuildPhase section */
		93BB0E412A9AB6F4002619F4 /* Sources */ = {
			isa = PBXSourcesBuildPhase;
			buildActionMask = 2147483647;
			files = (
				93BB0E662A9AB94C002619F4 /* pokeModel.swift in Sources */,
				93BB0E6C2A9ABA95002619F4 /* PokemonController.swift in Sources */,
				93BB0E4D2A9AB6F4002619F4 /* ViewController.swift in Sources */,
				93BB0E642A9AB8EB002619F4 /* APIService.swift in Sources */,
				93BB0E492A9AB6F4002619F4 /* AppDelegate.swift in Sources */,
				93BB0E4B2A9AB6F4002619F4 /* SceneDelegate.swift in Sources */,
				93BB0E612A9AB81F002619F4 /* Extensions.swift in Sources */,
			);
			runOnlyForDeploymentPostprocessing = 0;
		};
/* End PBXSourcesBuildPhase section */

/* Begin PBXVariantGroup section */
		93BB0E532A9AB6F5002619F4 /* LaunchScreen.storyboard */ = {
			isa = PBXVariantGroup;
			children = (
				93BB0E542A9AB6F5002619F4 /* Base */,
			);
			name = LaunchScreen.storyboard;
			sourceTree = "<group>";
		};
/* End PBXVariantGroup section */

/* Begin XCBuildConfiguration section */
		93BB0E572A9AB6F5002619F4 /* Debug */ = {
			isa = XCBuildConfiguration;
			buildSettings = {
				ALWAYS_SEARCH_USER_PATHS = NO;
				CLANG_ANALYZER_NONNULL = YES;
				CLANG_ANALYZER_NUMBER_OBJECT_CONVERSION = YES_AGGRESSIVE;
				CLANG_CXX_LANGUAGE_STANDARD = "gnu++20";
				CLANG_ENABLE_MODULES = YES;
				CLANG_ENABLE_OBJC_ARC = YES;
				CLANG_ENABLE_OBJC_WEAK = YES;
				CLANG_WARN_BLOCK_CAPTURE_AUTORELEASING = YES;
				CLANG_WARN_BOOL_CONVERSION = YES;
				CLANG_WARN_COMMA = YES;
				CLANG_WARN_CONSTANT_CONVERSION = YES;
				CLANG_WARN_DEPRECATED_OBJC_IMPLEMENTATIONS = YES;
				CLANG_WARN_DIRECT_OBJC_ISA_USAGE = YES_ERROR;
				CLANG_WARN_DOCUMENTATION_COMMENTS = YES;
				CLANG_WARN_EMPTY_BODY = YES;
				CLANG_WARN_ENUM_CONVERSION = YES;
				CLANG_WARN_INFINITE_RECURSION = YES;
				CLANG_WARN_INT_CONVERSION = YES;
				CLANG_WARN_NON_LITERAL_NULL_CONVERSION = YES;
				CLANG_WARN_OBJC_IMPLICIT_RETAIN_SELF = YES;
				CLANG_WARN_OBJC_LITERAL_CONVERSION = YES;
				CLANG_WARN_OBJC_ROOT_CLASS = YES_ERROR;
				CLANG_WARN_QUOTED_INCLUDE_IN_FRAMEWORK_HEADER = YES;
				CLANG_WARN_RANGE_LOOP_ANALYSIS = YES;
				CLANG_WARN_STRICT_PROTOTYPES = YES;
				CLANG_WARN_SUSPICIOUS_MOVE = YES;
				CLANG_WARN_UNGUARDED_AVAILABILITY = YES_AGGRESSIVE;
				CLANG_WARN_UNREACHABLE_CODE = YES;
				CLANG_WARN__DUPLICATE_METHOD_MATCH = YES;
				COPY_PHASE_STRIP = NO;
				DEBUG_INFORMATION_FORMAT = dwarf;
				ENABLE_STRICT_OBJC_MSGSEND = YES;
				ENABLE_TESTABILITY = YES;
				GCC_C_LANGUAGE_STANDARD = gnu11;
				GCC_DYNAMIC_NO_PIC = NO;
				GCC_NO_COMMON_BLOCKS = YES;
				GCC_OPTIMIZATION_LEVEL = 0;
				GCC_PREPROCESSOR_DEFINITIONS = (
					"DEBUG=1",
					"$(inherited)",
				);
				GCC_WARN_64_TO_32_BIT_CONVERSION = YES;
				GCC_WARN_ABOUT_RETURN_TYPE = YES_ERROR;
				GCC_WARN_UNDECLARED_SELECTOR = YES;
				GCC_WARN_UNINITIALIZED_AUTOS = YES_AGGRESSIVE;
				GCC_WARN_UNUSED_FUNCTION = YES;
				GCC_WARN_UNUSED_VARIABLE = YES;
				IPHONEOS_DEPLOYMENT_TARGET = 16.4;
				MTL_ENABLE_DEBUG_INFO = INCLUDE_SOURCE;
				MTL_FAST_MATH = YES;
				ONLY_ACTIVE_ARCH = YES;
				SDKROOT = iphoneos;
				SWIFT_ACTIVE_COMPILATION_CONDITIONS = DEBUG;
				SWIFT_OPTIMIZATION_LEVEL = "-Onone";
			};
			name = Debug;
		};
		93BB0E582A9AB6F5002619F4 /* Release */ = {
			isa = XCBuildConfiguration;
			buildSettings = {
				ALWAYS_SEARCH_USER_PATHS = NO;
				CLANG_ANALYZER_NONNULL = YES;
				CLANG_ANALYZER_NUMBER_OBJECT_CONVERSION = YES_AGGRESSIVE;
				CLANG_CXX_LANGUAGE_STANDARD = "gnu++20";
				CLANG_ENABLE_MODULES = YES;
				CLANG_ENABLE_OBJC_ARC = YES;
				CLANG_ENABLE_OBJC_WEAK = YES;
				CLANG_WARN_BLOCK_CAPTURE_AUTORELEASING = YES;
				CLANG_WARN_BOOL_CONVERSION = YES;
				CLANG_WARN_COMMA = YES;
				CLANG_WARN_CONSTANT_CONVERSION = YES;
				CLANG_WARN_DEPRECATED_OBJC_IMPLEMENTATIONS = YES;
				CLANG_WARN_DIRECT_OBJC_ISA_USAGE = YES_ERROR;
				CLANG_WARN_DOCUMENTATION_COMMENTS = YES;
				CLANG_WARN_EMPTY_BODY = YES;
				CLANG_WARN_ENUM_CONVERSION = YES;
				CLANG_WARN_INFINITE_RECURSION = YES;
				CLANG_WARN_INT_CONVERSION = YES;
				CLANG_WARN_NON_LITERAL_NULL_CONVERSION = YES;
				CLANG_WARN_OBJC_IMPLICIT_RETAIN_SELF = YES;
				CLANG_WARN_OBJC_LITERAL_CONVERSION = YES;
				CLANG_WARN_OBJC_ROOT_CLASS = YES_ERROR;
				CLANG_WARN_QUOTED_INCLUDE_IN_FRAMEWORK_HEADER = YES;
				CLANG_WARN_RANGE_LOOP_ANALYSIS = YES;
				CLANG_WARN_STRICT_PROTOTYPES = YES;
				CLANG_WARN_SUSPICIOUS_MOVE = YES;
				CLANG_WARN_UNGUARDED_AVAILABILITY = YES_AGGRESSIVE;
				CLANG_WARN_UNREACHABLE_CODE = YES;
				CLANG_WARN__DUPLICATE_METHOD_MATCH = YES;
				COPY_PHASE_STRIP = NO;
				DEBUG_INFORMATION_FORMAT = "dwarf-with-dsym";
				ENABLE_NS_ASSERTIONS = NO;
				ENABLE_STRICT_OBJC_MSGSEND = YES;
				GCC_C_LANGUAGE_STANDARD = gnu11;
				GCC_NO_COMMON_BLOCKS = YES;
				GCC_WARN_64_TO_32_BIT_CONVERSION = YES;
				GCC_WARN_ABOUT_RETURN_TYPE = YES_ERROR;
				GCC_WARN_UNDECLARED_SELECTOR = YES;
				GCC_WARN_UNINITIALIZED_AUTOS = YES_AGGRESSIVE;
				GCC_WARN_UNUSED_FUNCTION = YES;
				GCC_WARN_UNUSED_VARIABLE = YES;
				IPHONEOS_DEPLOYMENT_TARGET = 16.4;
				MTL_ENABLE_DEBUG_INFO = NO;
				MTL_FAST_MATH = YES;
				SDKROOT = iphoneos;
				SWIFT_COMPILATION_MODE = wholemodule;
				SWIFT_OPTIMIZATION_LEVEL = "-O";
				VALIDATE_PRODUCT = YES;
			};
			name = Release;
		};
		93BB0E5A2A9AB6F5002619F4 /* Debug */ = {
			isa = XCBuildConfiguration;
			buildSettings = {
				ASSETCATALOG_COMPILER_APPICON_NAME = AppIcon;
				ASSETCATALOG_COMPILER_GLOBAL_ACCENT_COLOR_NAME = AccentColor;
				CODE_SIGN_STYLE = Automatic;
				CURRENT_PROJECT_VERSION = 1;
				DEVELOPMENT_TEAM = 8UQK6M574G;
				GENERATE_INFOPLIST_FILE = YES;
				INFOPLIST_FILE = ListadoPokemonAPI/Info.plist;
				INFOPLIST_KEY_UIApplicationSupportsIndirectInputEvents = YES;
				INFOPLIST_KEY_UILaunchStoryboardName = LaunchScreen;
				INFOPLIST_KEY_UIMainStoryboardFile = Main;
				INFOPLIST_KEY_UISupportedInterfaceOrientations_iPad = "UIInterfaceOrientationPortrait UIInterfaceOrientationPortraitUpsideDown UIInterfaceOrientationLandscapeLeft UIInterfaceOrientationLandscapeRight";
				INFOPLIST_KEY_UISupportedInterfaceOrientations_iPhone = "UIInterfaceOrientationPortrait UIInterfaceOrientationLandscapeLeft UIInterfaceOrientationLandscapeRight";
				LD_RUNPATH_SEARCH_PATHS = (
					"$(inherited)",
					"@executable_path/Frameworks",
				);
				MARKETING_VERSION = 1.0;
				PRODUCT_BUNDLE_IDENTIFIER = com.devmo0nk3y.ListadoPokemonAPI;
				PRODUCT_NAME = "$(TARGET_NAME)";
				SUPPORTED_PLATFORMS = "iphoneos iphonesimulator";
				SUPPORTS_MACCATALYST = NO;
				SUPPORTS_MAC_DESIGNED_FOR_IPHONE_IPAD = NO;
				SWIFT_EMIT_LOC_STRINGS = YES;
				SWIFT_VERSION = 5.0;
				TARGETED_DEVICE_FAMILY = 1;
			};
			name = Debug;
		};
		93BB0E5B2A9AB6F5002619F4 /* Release */ = {
			isa = XCBuildConfiguration;
			buildSettings = {
				ASSETCATALOG_COMPILER_APPICON_NAME = AppIcon;
				ASSETCATALOG_COMPILER_GLOBAL_ACCENT_COLOR_NAME = AccentColor;
				CODE_SIGN_STYLE = Automatic;
				CURRENT_PROJECT_VERSION = 1;
				DEVELOPMENT_TEAM = 8UQK6M574G;
				GENERATE_INFOPLIST_FILE = YES;
				INFOPLIST_FILE = ListadoPokemonAPI/Info.plist;
				INFOPLIST_KEY_UIApplicationSupportsIndirectInputEvents = YES;
				INFOPLIST_KEY_UILaunchStoryboardName = LaunchScreen;
				INFOPLIST_KEY_UIMainStoryboardFile = Main;
				INFOPLIST_KEY_UISupportedInterfaceOrientations_iPad = "UIInterfaceOrientationPortrait UIInterfaceOrientationPortraitUpsideDown UIInterfaceOrientationLandscapeLeft UIInterfaceOrientationLandscapeRight";
				INFOPLIST_KEY_UISupportedInterfaceOrientations_iPhone = "UIInterfaceOrientationPortrait UIInterfaceOrientationLandscapeLeft UIInterfaceOrientationLandscapeRight";
				LD_RUNPATH_SEARCH_PATHS = (
					"$(inherited)",
					"@executable_path/Frameworks",
				);
				MARKETING_VERSION = 1.0;
				PRODUCT_BUNDLE_IDENTIFIER = com.devmo0nk3y.ListadoPokemonAPI;
				PRODUCT_NAME = "$(TARGET_NAME)";
				SUPPORTED_PLATFORMS = "iphoneos iphonesimulator";
				SUPPORTS_MACCATALYST = NO;
				SUPPORTS_MAC_DESIGNED_FOR_IPHONE_IPAD = NO;
				SWIFT_EMIT_LOC_STRINGS = YES;
				SWIFT_VERSION = 5.0;
				TARGETED_DEVICE_FAMILY = 1;
			};
			name = Release;
		};
/* End XCBuildConfiguration section */

/* Begin XCConfigurationList section */
		93BB0E402A9AB6F4002619F4 /* Build configuration list for PBXProject "ListadoPokemonAPI" */ = {
			isa = XCConfigurationList;
			buildConfigurations = (
				93BB0E572A9AB6F5002619F4 /* Debug */,
				93BB0E582A9AB6F5002619F4 /* Release */,
			);
			defaultConfigurationIsVisible = 0;
			defaultConfigurationName = Release;
		};
		93BB0E592A9AB6F5002619F4 /* Build configuration list for PBXNativeTarget "ListadoPokemonAPI" */ = {
			isa = XCConfigurationList;
			buildConfigurations = (
				93BB0E5A2A9AB6F5002619F4 /* Debug */,
				93BB0E5B2A9AB6F5002619F4 /* Release */,
			);
			defaultConfigurationIsVisible = 0;
			defaultConfigurationName = Release;
		};
/* End XCConfigurationList section */
	};
	rootObject = 93BB0E3D2A9AB6F4002619F4 /* Project object */;
}
